
Microsoft Visual Studio Solution File, Format Version 12.00
# Visual Studio Version 16
VisualStudioVersion = 16.0.31624.102
MinimumVisualStudioVersion = 10.0.40219.1
Project("{FAE04EC0-301F-11D3-BF4B-00C04F79EFBC}") = "Server", "Server\Server.csproj", "{1F896FF0-0CB2-46BF-98DC-46DA56FD4AA3}"
EndProject
Project("{FAE04EC0-301F-11D3-BF4B-00C04F79EFBC}") = "ServerCore", "ServerCore\ServerCore.csproj", "{7A4F84B6-2C00-4557-B922-3C0EDAB386B0}"
EndProject
Project("{FAE04EC0-301F-11D3-BF4B-00C04F79EFBC}") = "DummyClient", "DummyClient\DummyClient.csproj", "{20A544A8-E01D-486E-954E-23ED7360B84A}"
EndProject
Global
	GlobalSection(SolutionConfigurationPlatforms) = preSolution
		Debug|Any CPU = Debug|Any CPU
		Release|Any CPU = Release|Any CPU
	EndGlobalSection
	GlobalSection(ProjectConfigurationPlatforms) = postSolution
		{1F896FF0-0CB2-46BF-98DC-46DA56FD4AA3}.Debug|Any CPU.ActiveCfg = Debug|Any CPU
		{1F896FF0-0CB2-46BF-98DC-46DA56FD4AA3}.Debug|Any CPU.Build.0 = Debug|Any CPU
		{1F896FF0-0CB2-46BF-98DC-46DA56FD4AA3}.Release|Any CPU.ActiveCfg = Release|Any CPU
		{1F896FF0-0CB2-46BF-98DC-46DA56FD4AA3}.Release|Any CPU.Build.0 = Release|Any CPU
		{7A4F84B6-2C00-4557-B922-3C0EDAB386B0}.Debug|Any CPU.ActiveCfg = Debug|Any CPU
		{7A4F84B6-2C00-4557-B922-3C0EDAB386B0}.Debug|Any CPU.Build.0 = Debug|Any CPU
		{7A4F84B6-2C00-4557-B922-3C0EDAB386B0}.Release|Any CPU.ActiveCfg = Release|Any CPU
		{7A4F84B6-2C00-4557-B922-3C0EDAB386B0}.Release|Any CPU.Build.0 = Release|Any CPU
		{20A544A8-E01D-486E-954E-23ED7360B84A}.Debug|Any CPU.ActiveCfg = Debug|Any CPU
		{20A544A8-E01D-486E-954E-23ED7360B84A}.Debug|Any CPU.Build.0 = Debug|Any CPU
		{20A544A8-E01D-486E-954E-23ED7360B84A}.Release|Any CPU.ActiveCfg = Release|Any CPU
		{20A544A8-E01D-486E-954E-23ED7360B84A}.Release|Any CPU.Build.0 = Release|Any CPU
	EndGlobalSection
	GlobalSection(SolutionProperties) = preSolution
		HideSolutionNode = FALSE
	EndGlobalSection
	GlobalSection(ExtensibilityGlobals) = postSolution
		SolutionGuid = {C4F34858-B8D8-43BC-820C-31FA2E8DD822}
	EndGlobalSection
EndGlobal
